# This file is generated by running "yarn install" inside your project.
# Manual changes might be lost - proceed with caution!

__metadata:
  version: 6
  cacheKey: 8

"checks@workspace:.":
  version: 0.0.0-use.local
  resolution: "checks@workspace:."
  dependencies:
    editorconfig-checker: ^5.1.0
  languageName: unknown
  linkType: soft

"editorconfig-checker@npm:^5.1.0":
  version: 5.1.0
  resolution: "editorconfig-checker@npm:5.1.0"
  bin:
    ec: dist/index.js
    editorconfig-checker: dist/index.js
  checksum: 572708310408d5b70eedeae7aa5ff773c9e037510edc2045bba0626f2e0805b7cffd4b5a6b7f9e648ee262212f2125d8d754e1544e57da152c0ee9d659c76ab1
  languageName: node
  linkType: hard
